
Microsoft Visual Studio Solution File, Format Version 12.00
# Visual Studio Version 17
VisualStudioVersion = 17.4.33213.308
MinimumVisualStudioVersion = 10.0.40219.1
Project("{2150E333-8FDC-42A3-9474-1A3956D46DE8}") = "src", "src", "{7BF62749-1CFB-4F84-9E6A-723F075A9486}"
EndProject
Project("{9A19103F-16F7-4668-BE54-9A1E7A4F7556}") = "SVTRobotics.Api", "src\SVTRobotics.Api\SVTRobotics.Api.csproj", "{2B1E7361-AB55-4087-85BE-5159FA9E50E7}"
EndProject
Global
	GlobalSection(SolutionConfigurationPlatforms) = preSolution
		Debug|Any CPU = Debug|Any CPU
		Release|Any CPU = Release|Any CPU
	EndGlobalSection
	GlobalSection(ProjectConfigurationPlatforms) = postSolution
		{2B1E7361-AB55-4087-85BE-5159FA9E50E7}.Debug|Any CPU.ActiveCfg = Debug|Any CPU
		{2B1E7361-AB55-4087-85BE-5159FA9E50E7}.Debug|Any CPU.Build.0 = Debug|Any CPU
		{2B1E7361-AB55-4087-85BE-5159FA9E50E7}.Release|Any CPU.ActiveCfg = Release|Any CPU
		{2B1E7361-AB55-4087-85BE-5159FA9E50E7}.Release|Any CPU.Build.0 = Release|Any CPU
	EndGlobalSection
	GlobalSection(SolutionProperties) = preSolution
		HideSolutionNode = FALSE
	EndGlobalSection
	GlobalSection(NestedProjects) = preSolution
		{2B1E7361-AB55-4087-85BE-5159FA9E50E7} = {7BF62749-1CFB-4F84-9E6A-723F075A9486}
	EndGlobalSection
	GlobalSection(ExtensibilityGlobals) = postSolution
		SolutionGuid = {A568575F-D326-4367-93F5-5DC6E0B5A76F}
	EndGlobalSection
EndGlobal
